{
    "_readme": [
        "This file locks the dependencies of your project to a known state",
        "Read more about it at https://getcomposer.org/doc/01-basic-usage.md#installing-dependencies",
        "This file is @generated automatically"
    ],
    "content-hash": "e8548711c2ac0c8c3aa7b7d22bc31694",
    "packages": [
        {
            "name": "hudsxn/ioc-core",
            "version": "1.0.1",
            "source": {
                "type": "git",
                "url": "https://github.com/hudson1998x/ioc-core.git",
                "reference": "2b345f0e355f2758ea6cdb78f08c6a6b39b9e1d0"
            },
            "dist": {
                "type": "zip",
                "url": "https://api.github.com/repos/hudson1998x/ioc-core/zipball/2b345f0e355f2758ea6cdb78f08c6a6b39b9e1d0",
                "reference": "2b345f0e355f2758ea6cdb78f08c6a6b39b9e1d0",
                "shasum": ""
            },
            "type": "library",
            "autoload": {
                "psr-4": {
                    "Hudsxn\\IocCore\\": "src/"
                }
            },
            "notification-url": "https://packagist.org/downloads/",
            "license": [
                "MIT"
            ],
            "authors": [
                {
                    "name": "John Hudson"
                }
            ],
            "description": "A simple IOC framework for rapid API development, great for microservices",
            "support": {
                "issues": "https://github.com/hudson1998x/ioc-core/issues",
                "source": "https://github.com/hudson1998x/ioc-core/tree/1.0.1"
            },
            "time": "2024-08-13T20:27:53+00:00"
        }
    ],
    "packages-dev": [],
    "aliases": [],
    "minimum-stability": "dev",
    "stability-flags": [],
    "prefer-stable": false,
    "prefer-lowest": false,
    "platform": [],
    "platform-dev": [],
    "plugin-api-version": "2.6.0"
}
